
Microsoft Visual Studio Solution File, Format Version 12.00
# Visual Studio 14
VisualStudioVersion = 14.0.25123.0
MinimumVisualStudioVersion = 10.0.40219.1
Project("{FAE04EC0-301F-11D3-BF4B-00C04F79EFBC}") = "Solid.InitialRefactor", "SOLID\Solid.InitialRefactor.csproj", "{FFB3C58E-53B1-49CF-8647-75FAB190CF70}"
EndProject
Project("{FAE04EC0-301F-11D3-BF4B-00C04F79EFBC}") = "Solid.Initial", "InitialIteration\Solid.Initial.csproj", "{A4580E09-D0D3-4164-BF60-EB099349D948}"
EndProject
Project("{2150E333-8FDC-42A3-9474-1A3956D46DE8}") = "0.FIRST", "0.FIRST", "{513C897F-5851-4ADF-9B0D-543E5F137779}"
EndProject
Project("{2150E333-8FDC-42A3-9474-1A3956D46DE8}") = "1. SRP", "1. SRP", "{CC69AF10-78AD-4564-BEE7-6B3495EB3F13}"
EndProject
Project("{FAE04EC0-301F-11D3-BF4B-00C04F79EFBC}") = "Solid.Srp", "Solid.Srp\Solid.Srp.csproj", "{A8A654FB-A7B5-4E00-A32F-263FE7793070}"
EndProject
Project("{2150E333-8FDC-42A3-9474-1A3956D46DE8}") = "2. OCP", "2. OCP", "{5243217D-C47C-415A-8124-2FB5FB5D6038}"
EndProject
Project("{FAE04EC0-301F-11D3-BF4B-00C04F79EFBC}") = "Solid.Ocp", "Solid.Ocp\Solid.Ocp.csproj", "{50C2EEAA-15F3-4A2A-AB96-875965351851}"
EndProject
Project("{FAE04EC0-301F-11D3-BF4B-00C04F79EFBC}") = "Solid.Liskov.FormatConverter", "Solid.Liskov\Solid.Liskov.FormatConverter.csproj", "{3F089BE9-2352-42AC-8D4E-43502CA98635}"
EndProject
Project("{2150E333-8FDC-42A3-9474-1A3956D46DE8}") = "3. LSP", "3. LSP", "{C27B028C-FE26-4A5C-B74D-AD0FC2D68AE8}"
EndProject
Project("{2150E333-8FDC-42A3-9474-1A3956D46DE8}") = "4. ISP", "4. ISP", "{893B3962-A404-40D8-8331-AC446A5871CC}"
	ProjectSection(SolutionItems) = preProject
		ISP.txt = ISP.txt
	EndProjectSection
EndProject
Project("{2150E333-8FDC-42A3-9474-1A3956D46DE8}") = "5. DIP", "5. DIP", "{3686E209-2A93-4C81-99F6-4FCBEE8B70E3}"
EndProject
Project("{FAE04EC0-301F-11D3-BF4B-00C04F79EFBC}") = "Solid.Liskov.ShapesTest.Violation", "Solid.Liskov.ShapesTest\Solid.Liskov.ShapesTest.Violation.csproj", "{A796A7DB-735D-44E4-8096-12A5E203039F}"
EndProject
Project("{FAE04EC0-301F-11D3-BF4B-00C04F79EFBC}") = "Solid.Isp.FormatConverter", "Solid.Isp.FormatConverter\Solid.Isp.FormatConverter.csproj", "{82699492-B04F-44FB-9646-3025919E6786}"
EndProject
Global
	GlobalSection(SolutionConfigurationPlatforms) = preSolution
		Debug|Any CPU = Debug|Any CPU
		Release|Any CPU = Release|Any CPU
	EndGlobalSection
	GlobalSection(ProjectConfigurationPlatforms) = postSolution
		{FFB3C58E-53B1-49CF-8647-75FAB190CF70}.Debug|Any CPU.ActiveCfg = Debug|Any CPU
		{FFB3C58E-53B1-49CF-8647-75FAB190CF70}.Debug|Any CPU.Build.0 = Debug|Any CPU
		{FFB3C58E-53B1-49CF-8647-75FAB190CF70}.Release|Any CPU.ActiveCfg = Release|Any CPU
		{FFB3C58E-53B1-49CF-8647-75FAB190CF70}.Release|Any CPU.Build.0 = Release|Any CPU
		{A4580E09-D0D3-4164-BF60-EB099349D948}.Debug|Any CPU.ActiveCfg = Debug|Any CPU
		{A4580E09-D0D3-4164-BF60-EB099349D948}.Debug|Any CPU.Build.0 = Debug|Any CPU
		{A4580E09-D0D3-4164-BF60-EB099349D948}.Release|Any CPU.ActiveCfg = Release|Any CPU
		{A4580E09-D0D3-4164-BF60-EB099349D948}.Release|Any CPU.Build.0 = Release|Any CPU
		{A8A654FB-A7B5-4E00-A32F-263FE7793070}.Debug|Any CPU.ActiveCfg = Debug|Any CPU
		{A8A654FB-A7B5-4E00-A32F-263FE7793070}.Debug|Any CPU.Build.0 = Debug|Any CPU
		{A8A654FB-A7B5-4E00-A32F-263FE7793070}.Release|Any CPU.ActiveCfg = Release|Any CPU
		{A8A654FB-A7B5-4E00-A32F-263FE7793070}.Release|Any CPU.Build.0 = Release|Any CPU
		{50C2EEAA-15F3-4A2A-AB96-875965351851}.Debug|Any CPU.ActiveCfg = Debug|Any CPU
		{50C2EEAA-15F3-4A2A-AB96-875965351851}.Debug|Any CPU.Build.0 = Debug|Any CPU
		{50C2EEAA-15F3-4A2A-AB96-875965351851}.Release|Any CPU.ActiveCfg = Release|Any CPU
		{50C2EEAA-15F3-4A2A-AB96-875965351851}.Release|Any CPU.Build.0 = Release|Any CPU
		{3F089BE9-2352-42AC-8D4E-43502CA98635}.Debug|Any CPU.ActiveCfg = Debug|Any CPU
		{3F089BE9-2352-42AC-8D4E-43502CA98635}.Debug|Any CPU.Build.0 = Debug|Any CPU
		{3F089BE9-2352-42AC-8D4E-43502CA98635}.Release|Any CPU.ActiveCfg = Release|Any CPU
		{3F089BE9-2352-42AC-8D4E-43502CA98635}.Release|Any CPU.Build.0 = Release|Any CPU
		{A796A7DB-735D-44E4-8096-12A5E203039F}.Debug|Any CPU.ActiveCfg = Debug|Any CPU
		{A796A7DB-735D-44E4-8096-12A5E203039F}.Debug|Any CPU.Build.0 = Debug|Any CPU
		{A796A7DB-735D-44E4-8096-12A5E203039F}.Release|Any CPU.ActiveCfg = Release|Any CPU
		{A796A7DB-735D-44E4-8096-12A5E203039F}.Release|Any CPU.Build.0 = Release|Any CPU
		{82699492-B04F-44FB-9646-3025919E6786}.Debug|Any CPU.ActiveCfg = Debug|Any CPU
		{82699492-B04F-44FB-9646-3025919E6786}.Debug|Any CPU.Build.0 = Debug|Any CPU
		{82699492-B04F-44FB-9646-3025919E6786}.Release|Any CPU.ActiveCfg = Release|Any CPU
		{82699492-B04F-44FB-9646-3025919E6786}.Release|Any CPU.Build.0 = Release|Any CPU
	EndGlobalSection
	GlobalSection(SolutionProperties) = preSolution
		HideSolutionNode = FALSE
	EndGlobalSection
	GlobalSection(NestedProjects) = preSolution
		{FFB3C58E-53B1-49CF-8647-75FAB190CF70} = {513C897F-5851-4ADF-9B0D-543E5F137779}
		{A4580E09-D0D3-4164-BF60-EB099349D948} = {513C897F-5851-4ADF-9B0D-543E5F137779}
		{A8A654FB-A7B5-4E00-A32F-263FE7793070} = {CC69AF10-78AD-4564-BEE7-6B3495EB3F13}
		{50C2EEAA-15F3-4A2A-AB96-875965351851} = {5243217D-C47C-415A-8124-2FB5FB5D6038}
		{3F089BE9-2352-42AC-8D4E-43502CA98635} = {C27B028C-FE26-4A5C-B74D-AD0FC2D68AE8}
		{A796A7DB-735D-44E4-8096-12A5E203039F} = {C27B028C-FE26-4A5C-B74D-AD0FC2D68AE8}
		{82699492-B04F-44FB-9646-3025919E6786} = {893B3962-A404-40D8-8331-AC446A5871CC}
	EndGlobalSection
EndGlobal
